{
  "version": 4,
  "terraform_version": "0.12.24",
  "serial": 1,
  "lineage": "358f9630-da9a-ef27-eca5-40120991969f",
  "outputs": {},
  "resources": [
    {
      "mode": "managed",
      "type": "google_cloudbuild_trigger",
      "name": "portfolio_website",
      "provider": "provider.google-beta",
      "instances": [
        {
          "schema_version": 1,
          "attributes": {
            "build": [],
            "create_time": "2021-03-21T01:22:17.824068714Z",
            "description": "",
            "disabled": false,
            "filename": "cloudbuild.yaml",
            "github": [
              {
                "name": "portfolio-website",
                "owner": "ammilam",
                "pull_request": [],
                "push": [
                  {
                    "branch": "^main$",
                    "invert_regex": false,
                    "tag": ""
                  }
                ]
              }
            ],
            "id": "projects/savvy-folio-308301/triggers/2de46da7-32d8-4cfc-8f66-2f0bd995612d",
            "ignored_files": null,
            "included_files": null,
            "name": "portfolio-website",
            "project": "savvy-folio-308301",
            "substitutions": null,
            "tags": null,
            "timeouts": null,
            "trigger_id": "2de46da7-32d8-4cfc-8f66-2f0bd995612d",
            "trigger_template": []
          },
          "private": "eyJlMmJmYjczMC1lY2FhLTExZTYtOGY4OC0zNDM2M2JjN2M0YzAiOnsiY3JlYXRlIjoyNDAwMDAwMDAwMDAsImRlbGV0ZSI6MjQwMDAwMDAwMDAwLCJ1cGRhdGUiOjI0MDAwMDAwMDAwMH0sInNjaGVtYV92ZXJzaW9uIjoiMSJ9"
        }
      ]
    }
  ]
}
